
Microsoft Visual Studio Solution File, Format Version 12.00
# Visual Studio Version 16
VisualStudioVersion = 16.0.32106.194
MinimumVisualStudioVersion = 10.0.40219.1
Project("{FAE04EC0-301F-11D3-BF4B-00C04F79EFBC}") = "WindowsFormsApp6", "WindowsFormsApp6.csproj", "{7C8E0F63-FB9D-4EF6-BC9A-6B6C2F5DD161}"
EndProject
Global
	GlobalSection(SolutionConfigurationPlatforms) = preSolution
		Debug|Any CPU = Debug|Any CPU
		Release|Any CPU = Release|Any CPU
	EndGlobalSection
	GlobalSection(ProjectConfigurationPlatforms) = postSolution
		{7C8E0F63-FB9D-4EF6-BC9A-6B6C2F5DD161}.Debug|Any CPU.ActiveCfg = Debug|Any CPU
		{7C8E0F63-FB9D-4EF6-BC9A-6B6C2F5DD161}.Debug|Any CPU.Build.0 = Debug|Any CPU
		{7C8E0F63-FB9D-4EF6-BC9A-6B6C2F5DD161}.Release|Any CPU.ActiveCfg = Release|Any CPU
		{7C8E0F63-FB9D-4EF6-BC9A-6B6C2F5DD161}.Release|Any CPU.Build.0 = Release|Any CPU
	EndGlobalSection
	GlobalSection(SolutionProperties) = preSolution
		HideSolutionNode = FALSE
	EndGlobalSection
	GlobalSection(ExtensibilityGlobals) = postSolution
		SolutionGuid = {BEFB63D1-1012-49EB-A795-0621A9786B73}
	EndGlobalSection
EndGlobal
